
Microsoft Visual Studio Solution File, Format Version 12.00
# Visual Studio Version 16
VisualStudioVersion = 16.0.31613.86
MinimumVisualStudioVersion = 10.0.40219.1
Project("{FAE04EC0-301F-11D3-BF4B-00C04F79EFBC}") = "LabWeek13", "LabWeek13\LabWeek13.csproj", "{56287533-23E2-4A48-AA6D-883024100ABC}"
EndProject
Global
	GlobalSection(SolutionConfigurationPlatforms) = preSolution
		Debug|Any CPU = Debug|Any CPU
		Release|Any CPU = Release|Any CPU
	EndGlobalSection
	GlobalSection(ProjectConfigurationPlatforms) = postSolution
		{56287533-23E2-4A48-AA6D-883024100ABC}.Debug|Any CPU.ActiveCfg = Debug|Any CPU
		{56287533-23E2-4A48-AA6D-883024100ABC}.Debug|Any CPU.Build.0 = Debug|Any CPU
		{56287533-23E2-4A48-AA6D-883024100ABC}.Release|Any CPU.ActiveCfg = Release|Any CPU
		{56287533-23E2-4A48-AA6D-883024100ABC}.Release|Any CPU.Build.0 = Release|Any CPU
	EndGlobalSection
	GlobalSection(SolutionProperties) = preSolution
		HideSolutionNode = FALSE
	EndGlobalSection
	GlobalSection(ExtensibilityGlobals) = postSolution
		SolutionGuid = {687DE74F-F9DE-4663-9E5A-2CF9313C2972}
	EndGlobalSection
EndGlobal
